<?xml version="1.0" encoding="utf-8"?>
<Project ToolsVersion="4.0" xmlns="http://schemas.microsoft.com/developer/msbuild/2003">
  <ItemGroup>
    <Filter Include="Source Files">
      <UniqueIdentifier>{4FC737F1-C7A5-4376-A066-2A32D752A2FF}</UniqueIdentifier>
      <Extensions>cpp;c;cc;cxx;def;odl;idl;hpj;bat;asm;asmx</Extensions>
    </Filter>
    <Filter Include="Header Files">
      <UniqueIdentifier>{93995380-89BD-4b04-88EB-625FBE52EBFB}</UniqueIdentifier>
      <Extensions>h;hh;hpp;hxx;hm;inl;inc;xsd</Extensions>
    </Filter>
    <Filter Include="Resource Files">
      <UniqueIdentifier>{67DA6AB6-F800-4c08-8B7A-83BB121AAD01}</UniqueIdentifier>
      <Extensions>rc;ico;cur;bmp;dlg;rc2;rct;bin;rgs;gif;jpg;jpeg;jpe;resx;tiff;tif;png;wav;mfcribbon-ms</Extensions>
    </Filter>
    <Filter Include="RequestResponseTypes">
      <UniqueIdentifier>{66f5e3fa-1e18-4d47-b647-02f6d4605804}</UniqueIdentifier>
    </Filter>
    <Filter Include="SunApiRequestResponseTypes">
      <UniqueIdentifier>{b6673766-0a6f-4b30-bab6-1d7ad2f1208d}</UniqueIdentifier>
    </Filter>
    <Filter Include="Exceptions">
      <UniqueIdentifier>{1b2e1dab-1a05-4745-abe0-b06f2f921d35}</UniqueIdentifier>
    </Filter>
  </ItemGroup>
  <ItemGroup>
    <Text Include="ReadMe.txt" />
  </ItemGroup>
  <ItemGroup>
    <ClInclude Include="stdafx.h">
      <Filter>Header Files</Filter>
    </ClInclude>
    <ClInclude Include="targetver.h">
      <Filter>Header Files</Filter>
    </ClInclude>
    <ClInclude Include="..\lcm\lcm.h">
      <Filter>Header Files</Filter>
    </ClInclude>
    <ClInclude Include="..\lcm\lcm-cpp.hpp">
      <Filter>Header Files</Filter>
    </ClInclude>
    <ClInclude Include="SunApiRequestResponseTypes\BroadcastTypes.h">
      <Filter>SunApiRequestResponseTypes</Filter>
    </ClInclude>
    <ClInclude Include="uri_constants.h">
      <Filter>Source Files</Filter>
    </ClInclude>
    <ClInclude Include="Types\discovery_request_t.hpp">
      <Filter>RequestResponseTypes</Filter>
    </ClInclude>
    <ClInclude Include="Types\discovery_response_t.hpp">
      <Filter>RequestResponseTypes</Filter>
    </ClInclude>
    <ClInclude Include="Types\position_request_t.hpp">
      <Filter>RequestResponseTypes</Filter>
    </ClInclude>
    <ClInclude Include="Types\position_response_t.hpp">
      <Filter>RequestResponseTypes</Filter>
    </ClInclude>
    <ClInclude Include="Types\ptz_control_request_t.hpp">
      <Filter>RequestResponseTypes</Filter>
    </ClInclude>
    <ClInclude Include="Types\stream_uri_request_t.hpp">
      <Filter>RequestResponseTypes</Filter>
    </ClInclude>
    <ClInclude Include="Types\stream_uri_response_t.hpp">
      <Filter>RequestResponseTypes</Filter>
    </ClInclude>
    <ClInclude Include="Types\end_session_request_t.hpp">
      <Filter>RequestResponseTypes</Filter>
    </ClInclude>
    <ClInclude Include="Types\end_session_response_t.hpp">
      <Filter>RequestResponseTypes</Filter>
    </ClInclude>
    <ClInclude Include="Types\init_session_request_t.hpp">
      <Filter>RequestResponseTypes</Filter>
    </ClInclude>
    <ClInclude Include="Types\init_session_response_t.hpp">
      <Filter>RequestResponseTypes</Filter>
    </ClInclude>
    <ClInclude Include="Types\ptz_control_response_t.hpp">
      <Filter>RequestResponseTypes</Filter>
    </ClInclude>
    <ClInclude Include="sun_api_response_parser.h">
      <Filter>Source Files</Filter>
    </ClInclude>
    <ClInclude Include="lcm_handler.h">
      <Filter>Source Files</Filter>
    </ClInclude>
    <ClInclude Include="channel_names.h">
      <Filter>Source Files</Filter>
    </ClInclude>
    <ClInclude Include="Types\status_codes_t.hpp">
      <Filter>RequestResponseTypes</Filter>
    </ClInclude>
    <ClInclude Include="Types\stop_ptz_control_request_t.hpp">
      <Filter>RequestResponseTypes</Filter>
    </ClInclude>
    <ClInclude Include="Types\stop_ptz_control_response_t.hpp">
      <Filter>RequestResponseTypes</Filter>
    </ClInclude>
    <ClInclude Include="udp_broadcaster.h">
      <Filter>Source Files</Filter>
    </ClInclude>
    <ClInclude Include="Types\preset_config_request_t.hpp">
      <Filter>RequestResponseTypes</Filter>
    </ClInclude>
    <ClInclude Include="Types\preset_config_response_t.hpp">
      <Filter>RequestResponseTypes</Filter>
    </ClInclude>
    <ClInclude Include="Types\preset_move_request_t.hpp">
      <Filter>RequestResponseTypes</Filter>
    </ClInclude>
    <ClInclude Include="Types\preset_move_response_t.hpp">
      <Filter>RequestResponseTypes</Filter>
    </ClInclude>
    <ClInclude Include="ptz_cgi_request_response_handler.h">
      <Filter>Source Files</Filter>
    </ClInclude>
    <ClInclude Include="utility_functions.h">
      <Filter>Source Files</Filter>
    </ClInclude>
    <ClInclude Include="messages.h">
      <Filter>Source Files</Filter>
    </ClInclude>
    <ClInclude Include="Types\output_request_t.hpp">
      <Filter>RequestResponseTypes</Filter>
    </ClInclude>
    <ClInclude Include="Types\start_program_request_t.hpp">
      <Filter>RequestResponseTypes</Filter>
    </ClInclude>
    <ClInclude Include="Types\start_program_response_t.hpp">
      <Filter>RequestResponseTypes</Filter>
    </ClInclude>
    <ClInclude Include="Types\stop_program_request_t.hpp">
      <Filter>RequestResponseTypes</Filter>
    </ClInclude>
    <ClInclude Include="Types\stop_program_response_t.hpp">
      <Filter>RequestResponseTypes</Filter>
    </ClInclude>
    <ClInclude Include="Types\end_program_message_t.hpp">
      <Filter>RequestResponseTypes</Filter>
    </ClInclude>
    <ClInclude Include="Types\program_status_message_t.hpp">
      <Filter>RequestResponseTypes</Filter>
    </ClInclude>
  </ItemGroup>
  <ItemGroup>
    <ClCompile Include="stdafx.cpp">
      <Filter>Source Files</Filter>
    </ClCompile>
    <ClCompile Include="camera_rt.cpp">
      <Filter>Source Files</Filter>
    </ClCompile>
    <ClCompile Include="sun_api_response_parser.cpp">
      <Filter>Source Files</Filter>
    </ClCompile>
    <ClCompile Include="lcm_handler.cpp">
      <Filter>Source Files</Filter>
    </ClCompile>
    <ClCompile Include="channel_names.cpp">
      <Filter>Source Files</Filter>
    </ClCompile>
    <ClCompile Include="udp_broadcaster.cpp">
      <Filter>Source Files</Filter>
    </ClCompile>
    <ClCompile Include="ptz_cgi_request_response_handler.cpp">
      <Filter>Source Files</Filter>
    </ClCompile>
    <ClCompile Include="messages.cpp">
      <Filter>Source Files</Filter>
    </ClCompile>
    <ClCompile Include="exceptions.h">
      <Filter>Exceptions</Filter>
    </ClCompile>
  </ItemGroup>
  <ItemGroup>
    <Library Include="lcm\lcmd.lib">
      <Filter>Resource Files</Filter>
    </Library>
  </ItemGroup>
  <ItemGroup>
    <None Include="packages.config" />
  </ItemGroup>
</Project>